// !$*UTF8*$!
{
	archiveVersion = 1;
	classes = {
	};
	objectVersion = 46;
	objects = {

/* Begin PBXBuildFile section */
		E7E4A887197715D700155FAC /* AppDelegate.swift in Sources */ = {isa = PBXBuildFile; fileRef = E7E4A886197715D700155FAC /* AppDelegate.swift */; };
		E7E4A889197715D700155FAC /* ViewController.swift in Sources */ = {isa = PBXBuildFile; fileRef = E7E4A888197715D700155FAC /* ViewController.swift */; };
		E7E4A88C197715D700155FAC /* Main.storyboard in Resources */ = {isa = PBXBuildFile; fileRef = E7E4A88A197715D700155FAC /* Main.storyboard */; };
		E7E4A88E197715D700155FAC /* Images.xcassets in Resources */ = {isa = PBXBuildFile; fileRef = E7E4A88D197715D700155FAC /* Images.xcassets */; };
		E7E4A8AF19771BA000155FAC /* ArticleTableViewCell.swift in Sources */ = {isa = PBXBuildFile; fileRef = E7E4A8AD19771BA000155FAC /* ArticleTableViewCell.swift */; };
		E7E4A8B019771BA000155FAC /* PocketRefreshControl.swift in Sources */ = {isa = PBXBuildFile; fileRef = E7E4A8AE19771BA000155FAC /* PocketRefreshControl.swift */; };
/* End PBXBuildFile section */

/* Begin PBXFileReference section */
		E7E4A881197715D700155FAC /* Example.app */ = {isa = PBXFileReference; explicitFileType = wrapper.application; includeInIndex = 0; path = Example.app; sourceTree = BUILT_PRODUCTS_DIR; };
		E7E4A885197715D700155FAC /* Info.plist */ = {isa = PBXFileReference; lastKnownFileType = text.plist.xml; path = Info.plist; sourceTree = "<group>"; };
		E7E4A886197715D700155FAC /* AppDelegate.swift */ = {isa = PBXFileReference; lastKnownFileType = sourcecode.swift; path = AppDelegate.swift; sourceTree = "<group>"; };
		E7E4A888197715D700155FAC /* ViewController.swift */ = {isa = PBXFileReference; lastKnownFileType = sourcecode.swift; path = ViewController.swift; sourceTree = "<group>"; };
		E7E4A88B197715D700155FAC /* Base */ = {isa = PBXFileReference; lastKnownFileType = file.storyboard; name = Base; path = Base.lproj/Main.storyboard; sourceTree = "<group>"; };
		E7E4A88D197715D700155FAC /* Images.xcassets */ = {isa = PBXFileReference; lastKnownFileType = folder.assetcatalog; path = Images.xcassets; sourceTree = "<group>"; };
		E7E4A8AD19771BA000155FAC /* ArticleTableViewCell.swift */ = {isa = PBXFileReference; fileEncoding = 4; lastKnownFileType = sourcecode.swift; path = ArticleTableViewCell.swift; sourceTree = "<group>"; };
		E7E4A8AE19771BA000155FAC /* PocketRefreshControl.swift */ = {isa = PBXFileReference; fileEncoding = 4; lastKnownFileType = sourcecode.swift; path = PocketRefreshControl.swift; sourceTree = "<group>"; };
/* End PBXFileReference section */

/* Begin PBXFrameworksBuildPhase section */
		E7E4A87E197715D700155FAC /* Frameworks */ = {
			isa = PBXFrameworksBuildPhase;
			buildActionMask = 2147483647;
			files = (
			);
			runOnlyForDeploymentPostprocessing = 0;
		};
/* End PBXFrameworksBuildPhase section */

/* Begin PBXGroup section */
		E7E4A878197715D700155FAC = {
			isa = PBXGroup;
			children = (
				E7E4A883197715D700155FAC /* Example */,
				E7E4A882197715D700155FAC /* Products */,
			);
			sourceTree = "<group>";
		};
		E7E4A882197715D700155FAC /* Products */ = {
			isa = PBXGroup;
			children = (
				E7E4A881197715D700155FAC /* Example.app */,
			);
			name = Products;
			sourceTree = "<group>";
		};
		E7E4A883197715D700155FAC /* Example */ = {
			isa = PBXGroup;
			children = (
				E7E4A886197715D700155FAC /* AppDelegate.swift */,
				E7E4A8AD19771BA000155FAC /* ArticleTableViewCell.swift */,
				E7E4A888197715D700155FAC /* ViewController.swift */,
				E7E4A8AE19771BA000155FAC /* PocketRefreshControl.swift */,
				E7E4A88A197715D700155FAC /* Main.storyboard */,
				E7E4A88D197715D700155FAC /* Images.xcassets */,
				E7E4A884197715D700155FAC /* Supporting Files */,
			);
			path = Example;
			sourceTree = "<group>";
		};
		E7E4A884197715D700155FAC /* Supporting Files */ = {
			isa = PBXGroup;
			children = (
				E7E4A885197715D700155FAC /* Info.plist */,
			);
			name = "Supporting Files";
			sourceTree = "<group>";
		};
/* End PBXGroup section */

/* Begin PBXNativeTarget section */
		E7E4A880197715D700155FAC /* Example */ = {
			isa = PBXNativeTarget;
			buildConfigurationList = E7E4A89D197715D700155FAC /* Build configuration list for PBXNativeTarget "Example" */;
			buildPhases = (
				E7E4A87D197715D700155FAC /* Sources */,
				E7E4A87E197715D700155FAC /* Frameworks */,
				E7E4A87F197715D700155FAC /* Resources */,
			);
			buildRules = (
			);
			dependencies = (
			);
			name = Example;
			productName = Example;
			productReference = E7E4A881197715D700155FAC /* Example.app */;
			productType = "com.apple.product-type.application";
		};
/* End PBXNativeTarget section */

/* Begin PBXProject section */
		E7E4A879197715D700155FAC /* Project object */ = {
			isa = PBXProject;
			attributes = {
				LastUpgradeCheck = 0600;
				ORGANIZATIONNAME = "Wojtek Lukaszuk";
				TargetAttributes = {
					E7E4A880197715D700155FAC = {
						CreatedOnToolsVersion = 6.0;
					};
				};
			};
			buildConfigurationList = E7E4A87C197715D700155FAC /* Build configuration list for PBXProject "Example" */;
			compatibilityVersion = "Xcode 3.2";
			developmentRegion = English;
			hasScannedForEncodings = 0;
			knownRegions = (
				en,
				Base,
			);
			mainGroup = E7E4A878197715D700155FAC;
			productRefGroup = E7E4A882197715D700155FAC /* Products */;
			projectDirPath = "";
			projectRoot = "";
			targets = (
				E7E4A880197715D700155FAC /* Example */,
			);
		};
/* End PBXProject section */

/* Begin PBXResourcesBuildPhase section */
		E7E4A87F197715D700155FAC /* Resources */ = {
			isa = PBXResourcesBuildPhase;
			buildActionMask = 2147483647;
			files = (
				E7E4A88C197715D700155FAC /* Main.storyboard in Resources */,
				E7E4A88E197715D700155FAC /* Images.xcassets in Resources */,
			);
			runOnlyForDeploymentPostprocessing = 0;
		};
/* End PBXResourcesBuildPhase section */

/* Begin PBXSourcesBuildPhase section */
		E7E4A87D197715D700155FAC /* Sources */ = {
			isa = PBXSourcesBuildPhase;
			buildActionMask = 2147483647;
			files = (
				E7E4A889197715D700155FAC /* ViewController.swift in Sources */,
				E7E4A8AF19771BA000155FAC /* ArticleTableViewCell.swift in Sources */,
				E7E4A887197715D700155FAC /* AppDelegate.swift in Sources */,
				E7E4A8B019771BA000155FAC /* PocketRefreshControl.swift in Sources */,
			);
			runOnlyForDeploymentPostprocessing = 0;
		};
/* End PBXSourcesBuildPhase section */

/* Begin PBXVariantGroup section */
		E7E4A88A197715D700155FAC /* Main.storyboard */ = {
			isa = PBXVariantGroup;
			children = (
				E7E4A88B197715D700155FAC /* Base */,
			);
			name = Main.storyboard;
			sourceTree = "<group>";
		};
/* End PBXVariantGroup section */

/* Begin XCBuildConfiguration section */
		E7E4A89B197715D700155FAC /* Debug */ = {
			isa = XCBuildConfiguration;
			buildSettings = {
				ALWAYS_SEARCH_USER_PATHS = NO;
				CLANG_CXX_LANGUAGE_STANDARD = "gnu++0x";
				CLANG_CXX_LIBRARY = "libc++";
				CLANG_ENABLE_MODULES = YES;
				CLANG_ENABLE_OBJC_ARC = YES;
				CLANG_WARN_BOOL_CONVERSION = YES;
				CLANG_WARN_CONSTANT_CONVERSION = YES;
				CLANG_WARN_DIRECT_OBJC_ISA_USAGE = YES_ERROR;
				CLANG_WARN_EMPTY_BODY = YES;
				CLANG_WARN_ENUM_CONVERSION = YES;
				CLANG_WARN_INT_CONVERSION = YES;
				CLANG_WARN_OBJC_ROOT_CLASS = YES_ERROR;
				CLANG_WARN_UNREACHABLE_CODE = YES;
				CLANG_WARN__DUPLICATE_METHOD_MATCH = YES;
				"CODE_SIGN_IDENTITY[sdk=iphoneos*]" = "iPhone Developer";
				COPY_PHASE_STRIP = NO;
				ENABLE_STRICT_OBJC_MSGSEND = YES;
				GCC_C_LANGUAGE_STANDARD = gnu99;
				GCC_DYNAMIC_NO_PIC = NO;
				GCC_OPTIMIZATION_LEVEL = 0;
				GCC_PREPROCESSOR_DEFINITIONS = (
					"DEBUG=1",
					"$(inherited)",
				);
				GCC_SYMBOLS_PRIVATE_EXTERN = NO;
				GCC_WARN_64_TO_32_BIT_CONVERSION = YES;
				GCC_WARN_ABOUT_RETURN_TYPE = YES_ERROR;
				GCC_WARN_UNDECLARED_SELECTOR = YES;
				GCC_WARN_UNINITIALIZED_AUTOS = YES_AGGRESSIVE;
				GCC_WARN_UNUSED_FUNCTION = YES;
				GCC_WARN_UNUSED_VARIABLE = YES;
				IPHONEOS_DEPLOYMENT_TARGET = 8.0;
				MTL_ENABLE_DEBUG_INFO = YES;
				ONLY_ACTIVE_ARCH = YES;
				SDKROOT = iphoneos;
				SWIFT_OPTIMIZATION_LEVEL = "-Onone";
			};
			name = Debug;
		};
		E7E4A89C197715D700155FAC /* Release */ = {
			isa = XCBuildConfiguration;
			buildSettings = {
				ALWAYS_SEARCH_USER_PATHS = NO;
				CLANG_CXX_LANGUAGE_STANDARD = "gnu++0x";
				CLANG_CXX_LIBRARY = "libc++";
				CLANG_ENABLE_MODULES = YES;
				CLANG_ENABLE_OBJC_ARC = YES;
				CLANG_WARN_BOOL_CONVERSION = YES;
				CLANG_WARN_CONSTANT_CONVERSION = YES;
				CLANG_WARN_DIRECT_OBJC_ISA_USAGE = YES_ERROR;
				CLANG_WARN_EMPTY_BODY = YES;
				CLANG_WARN_ENUM_CONVERSION = YES;
				CLANG_WARN_INT_CONVERSION = YES;
				CLANG_WARN_OBJC_ROOT_CLASS = YES_ERROR;
				CLANG_WARN_UNREACHABLE_CODE = YES;
				CLANG_WARN__DUPLICATE_METHOD_MATCH = YES;
				"CODE_SIGN_IDENTITY[sdk=iphoneos*]" = "iPhone Developer";
				COPY_PHASE_STRIP = YES;
				ENABLE_NS_ASSERTIONS = NO;
				ENABLE_STRICT_OBJC_MSGSEND = YES;
				GCC_C_LANGUAGE_STANDARD = gnu99;
				GCC_WARN_64_TO_32_BIT_CONVERSION = YES;
				GCC_WARN_ABOUT_RETURN_TYPE = YES_ERROR;
				GCC_WARN_UNDECLARED_SELECTOR = YES;
				GCC_WARN_UNINITIALIZED_AUTOS = YES_AGGRESSIVE;
				GCC_WARN_UNUSED_FUNCTION = YES;
				GCC_WARN_UNUSED_VARIABLE = YES;
				IPHONEOS_DEPLOYMENT_TARGET = 8.0;
				MTL_ENABLE_DEBUG_INFO = NO;
				SDKROOT = iphoneos;
				VALIDATE_PRODUCT = YES;
			};
			name = Release;
		};
		E7E4A89E197715D700155FAC /* Debug */ = {
			isa = XCBuildConfiguration;
			buildSettings = {
				ASSETCATALOG_COMPILER_APPICON_NAME = AppIcon;
				ASSETCATALOG_COMPILER_LAUNCHIMAGE_NAME = LaunchImage;
				INFOPLIST_FILE = Example/Info.plist;
				LD_RUNPATH_SEARCH_PATHS = "$(inherited) @executable_path/Frameworks";
				PRODUCT_NAME = "$(TARGET_NAME)";
			};
			name = Debug;
		};
		E7E4A89F197715D700155FAC /* Release */ = {
			isa = XCBuildConfiguration;
			buildSettings = {
				ASSETCATALOG_COMPILER_APPICON_NAME = AppIcon;
				ASSETCATALOG_COMPILER_LAUNCHIMAGE_NAME = LaunchImage;
				INFOPLIST_FILE = Example/Info.plist;
				LD_RUNPATH_SEARCH_PATHS = "$(inherited) @executable_path/Frameworks";
				PRODUCT_NAME = "$(TARGET_NAME)";
			};
			name = Release;
		};
/* End XCBuildConfiguration section */

/* Begin XCConfigurationList section */
		E7E4A87C197715D700155FAC /* Build configuration list for PBXProject "Example" */ = {
			isa = XCConfigurationList;
			buildConfigurations = (
				E7E4A89B197715D700155FAC /* Debug */,
				E7E4A89C197715D700155FAC /* Release */,
			);
			defaultConfigurationIsVisible = 0;
			defaultConfigurationName = Release;
		};
		E7E4A89D197715D700155FAC /* Build configuration list for PBXNativeTarget "Example" */ = {
			isa = XCConfigurationList;
			buildConfigurations = (
				E7E4A89E197715D700155FAC /* Debug */,
				E7E4A89F197715D700155FAC /* Release */,
			);
			defaultConfigurationIsVisible = 0;
			defaultConfigurationName = Release;
		};
/* End XCConfigurationList section */
	};
	rootObject = E7E4A879197715D700155FAC /* Project object */;
}
